
Microsoft Visual Studio Solution File, Format Version 12.00
# Visual Studio Version 16
VisualStudioVersion = 16.0.28803.452
MinimumVisualStudioVersion = 10.0.40219.1
Project("{FAE04EC0-301F-11D3-BF4B-00C04F79EFBC}") = "MyShop.Core", "..\MyShop.Core\MyShop.Core.csproj", "{4D376C98-98DF-4AB8-A218-A0586EA13800}"
EndProject
Project("{FAE04EC0-301F-11D3-BF4B-00C04F79EFBC}") = "MyShop.DataAccess.SQL", "..\MyShop.DataAccess.SQL\MyShop.DataAccess.SQL.csproj", "{76D2F8A9-EF80-46AD-92E3-2D60A52756EC}"
EndProject
Project("{FAE04EC0-301F-11D3-BF4B-00C04F79EFBC}") = "MyShop.Services", "..\MyShop.Services\MyShop.Services.csproj", "{5F5BD0E5-1E16-441C-A198-16BBE3FB80A6}"
EndProject
Project("{FAE04EC0-301F-11D3-BF4B-00C04F79EFBC}") = "MyShop.DataAccess.InMemory", "..\MyShop.DataAccess.InMemory\MyShop.DataAccess.InMemory.csproj", "{A5239FA5-67EA-4A4A-97FE-61DEDD84D0C3}"
EndProject
Project("{FAE04EC0-301F-11D3-BF4B-00C04F79EFBC}") = "MyShop.WebUI", "..\MyShop.WebUI\MyShop.WebUI.csproj", "{30A85423-9AF9-4143-B70C-2879A0005528}"
EndProject
Project("{FAE04EC0-301F-11D3-BF4B-00C04F79EFBC}") = "MyShop.WebUI.Tests", "MyShop.WebUI.Tests\MyShop.WebUI.Tests.csproj", "{B043CA29-14F1-439F-AE33-3809BAA490D9}"
EndProject
Global
	GlobalSection(SolutionConfigurationPlatforms) = preSolution
		Debug|Any CPU = Debug|Any CPU
		Release|Any CPU = Release|Any CPU
	EndGlobalSection
	GlobalSection(ProjectConfigurationPlatforms) = postSolution
		{4D376C98-98DF-4AB8-A218-A0586EA13800}.Debug|Any CPU.ActiveCfg = Debug|Any CPU
		{4D376C98-98DF-4AB8-A218-A0586EA13800}.Debug|Any CPU.Build.0 = Debug|Any CPU
		{4D376C98-98DF-4AB8-A218-A0586EA13800}.Release|Any CPU.ActiveCfg = Release|Any CPU
		{4D376C98-98DF-4AB8-A218-A0586EA13800}.Release|Any CPU.Build.0 = Release|Any CPU
		{76D2F8A9-EF80-46AD-92E3-2D60A52756EC}.Debug|Any CPU.ActiveCfg = Debug|Any CPU
		{76D2F8A9-EF80-46AD-92E3-2D60A52756EC}.Debug|Any CPU.Build.0 = Debug|Any CPU
		{76D2F8A9-EF80-46AD-92E3-2D60A52756EC}.Release|Any CPU.ActiveCfg = Release|Any CPU
		{76D2F8A9-EF80-46AD-92E3-2D60A52756EC}.Release|Any CPU.Build.0 = Release|Any CPU
		{5F5BD0E5-1E16-441C-A198-16BBE3FB80A6}.Debug|Any CPU.ActiveCfg = Debug|Any CPU
		{5F5BD0E5-1E16-441C-A198-16BBE3FB80A6}.Debug|Any CPU.Build.0 = Debug|Any CPU
		{5F5BD0E5-1E16-441C-A198-16BBE3FB80A6}.Release|Any CPU.ActiveCfg = Release|Any CPU
		{5F5BD0E5-1E16-441C-A198-16BBE3FB80A6}.Release|Any CPU.Build.0 = Release|Any CPU
		{A5239FA5-67EA-4A4A-97FE-61DEDD84D0C3}.Debug|Any CPU.ActiveCfg = Debug|Any CPU
		{A5239FA5-67EA-4A4A-97FE-61DEDD84D0C3}.Debug|Any CPU.Build.0 = Debug|Any CPU
		{A5239FA5-67EA-4A4A-97FE-61DEDD84D0C3}.Release|Any CPU.ActiveCfg = Release|Any CPU
		{A5239FA5-67EA-4A4A-97FE-61DEDD84D0C3}.Release|Any CPU.Build.0 = Release|Any CPU
		{30A85423-9AF9-4143-B70C-2879A0005528}.Debug|Any CPU.ActiveCfg = Debug|Any CPU
		{30A85423-9AF9-4143-B70C-2879A0005528}.Debug|Any CPU.Build.0 = Debug|Any CPU
		{30A85423-9AF9-4143-B70C-2879A0005528}.Release|Any CPU.ActiveCfg = Release|Any CPU
		{30A85423-9AF9-4143-B70C-2879A0005528}.Release|Any CPU.Build.0 = Release|Any CPU
		{B043CA29-14F1-439F-AE33-3809BAA490D9}.Debug|Any CPU.ActiveCfg = Debug|Any CPU
		{B043CA29-14F1-439F-AE33-3809BAA490D9}.Debug|Any CPU.Build.0 = Debug|Any CPU
		{B043CA29-14F1-439F-AE33-3809BAA490D9}.Release|Any CPU.ActiveCfg = Release|Any CPU
		{B043CA29-14F1-439F-AE33-3809BAA490D9}.Release|Any CPU.Build.0 = Release|Any CPU
	EndGlobalSection
	GlobalSection(SolutionProperties) = preSolution
		HideSolutionNode = FALSE
	EndGlobalSection
	GlobalSection(ExtensibilityGlobals) = postSolution
		SolutionGuid = {AEFBAB99-6FC1-41C9-9A5F-49DC636ECB08}
	EndGlobalSection
EndGlobal
